
Microsoft Visual Studio Solution File, Format Version 12.00
# Visual Studio 2012
Project("{FAE04EC0-301F-11D3-BF4B-00C04F79EFBC}") = "wsRDIntegration", "wsRDIntegration\wsRDIntegration.csproj", "{15B3E0D2-6217-493A-A690-158C497F5318}"
EndProject
Project("{E24C65DC-7377-472B-9ABA-BC803B73C61A}") = "WebSites", "http://localhost:1671", "{B8CF4568-5CDD-4387-8825-F4EDDFFE0C56}"
	ProjectSection(WebsiteProperties) = preProject
		UseIISExpress = "true"
		TargetFrameworkMoniker = ".NETFramework,Version%3Dv4.5"
		ProjectReferences = "{15b3e0d2-6217-493a-a690-158c497f5318}|wsRDIntegration.dll;"
		Debug.AspNetCompiler.VirtualPath = "/localhost_1671"
		Debug.AspNetCompiler.PhysicalPath = "..\..\WebSites\"
		Debug.AspNetCompiler.TargetPath = "PrecompiledWeb\localhost_1671\"
		Debug.AspNetCompiler.Updateable = "true"
		Debug.AspNetCompiler.ForceOverwrite = "true"
		Debug.AspNetCompiler.FixedNames = "false"
		Debug.AspNetCompiler.Debug = "True"
		Release.AspNetCompiler.VirtualPath = "/localhost_1671"
		Release.AspNetCompiler.PhysicalPath = "..\..\WebSites\"
		Release.AspNetCompiler.TargetPath = "PrecompiledWeb\localhost_1671\"
		Release.AspNetCompiler.Updateable = "true"
		Release.AspNetCompiler.ForceOverwrite = "true"
		Release.AspNetCompiler.FixedNames = "false"
		Release.AspNetCompiler.Debug = "False"
		SlnRelativePath = "..\..\WebSites\"
		DefaultWebSiteLanguage = "Visual C#"
	EndProjectSection
EndProject
Global
	GlobalSection(SolutionConfigurationPlatforms) = preSolution
		Debug|Any CPU = Debug|Any CPU
		Release|Any CPU = Release|Any CPU
	EndGlobalSection
	GlobalSection(ProjectConfigurationPlatforms) = postSolution
		{15B3E0D2-6217-493A-A690-158C497F5318}.Debug|Any CPU.ActiveCfg = Debug|Any CPU
		{15B3E0D2-6217-493A-A690-158C497F5318}.Debug|Any CPU.Build.0 = Debug|Any CPU
		{15B3E0D2-6217-493A-A690-158C497F5318}.Release|Any CPU.ActiveCfg = Release|Any CPU
		{15B3E0D2-6217-493A-A690-158C497F5318}.Release|Any CPU.Build.0 = Release|Any CPU
		{B8CF4568-5CDD-4387-8825-F4EDDFFE0C56}.Debug|Any CPU.ActiveCfg = Debug|Any CPU
		{B8CF4568-5CDD-4387-8825-F4EDDFFE0C56}.Debug|Any CPU.Build.0 = Debug|Any CPU
		{B8CF4568-5CDD-4387-8825-F4EDDFFE0C56}.Release|Any CPU.ActiveCfg = Debug|Any CPU
		{B8CF4568-5CDD-4387-8825-F4EDDFFE0C56}.Release|Any CPU.Build.0 = Debug|Any CPU
	EndGlobalSection
	GlobalSection(SolutionProperties) = preSolution
		HideSolutionNode = FALSE
	EndGlobalSection
EndGlobal
